// !$*UTF8*$!
{
	archiveVersion = 1;
	classes = {
	};
	objectVersion = 56;
	objects = {

/* Begin PBXBuildFile section */
		551B4D282B8BEC1500789FAF /* AppDelegate.swift in Sources */ = {isa = PBXBuildFile; fileRef = 551B4D272B8BEC1500789FAF /* AppDelegate.swift */; };
		551B4D2A2B8BEC1500789FAF /* SceneDelegate.swift in Sources */ = {isa = PBXBuildFile; fileRef = 551B4D292B8BEC1500789FAF /* SceneDelegate.swift */; };
		551B4D2C2B8BEC1500789FAF /* SignInVC.swift in Sources */ = {isa = PBXBuildFile; fileRef = 551B4D2B2B8BEC1500789FAF /* SignInVC.swift */; };
		551B4D2F2B8BEC1500789FAF /* Main.storyboard in Resources */ = {isa = PBXBuildFile; fileRef = 551B4D2D2B8BEC1500789FAF /* Main.storyboard */; };
		551B4D312B8BEC1600789FAF /* Assets.xcassets in Resources */ = {isa = PBXBuildFile; fileRef = 551B4D302B8BEC1600789FAF /* Assets.xcassets */; };
		551B4D342B8BEC1600789FAF /* LaunchScreen.storyboard in Resources */ = {isa = PBXBuildFile; fileRef = 551B4D322B8BEC1600789FAF /* LaunchScreen.storyboard */; };
		553131C62B8D45940076367A /* UserSingleton.swift in Sources */ = {isa = PBXBuildFile; fileRef = 553131C52B8D45940076367A /* UserSingleton.swift */; };
		5561982C2B8BF28300C03DE1 /* GoogleService-Info.plist in Resources */ = {isa = PBXBuildFile; fileRef = 5561982B2B8BF28300C03DE1 /* GoogleService-Info.plist */; };
		5561982E2B8BF66900C03DE1 /* FeedVC.swift in Sources */ = {isa = PBXBuildFile; fileRef = 5561982D2B8BF66900C03DE1 /* FeedVC.swift */; };
		556198302B8BF68C00C03DE1 /* UploadVC.swift in Sources */ = {isa = PBXBuildFile; fileRef = 5561982F2B8BF68C00C03DE1 /* UploadVC.swift */; };
		556198322B8BF69D00C03DE1 /* SettingsVC.swift in Sources */ = {isa = PBXBuildFile; fileRef = 556198312B8BF69D00C03DE1 /* SettingsVC.swift */; };
		55B280CE2B9E063400CD744F /* FeedCell.swift in Sources */ = {isa = PBXBuildFile; fileRef = 55B280CD2B9E063400CD744F /* FeedCell.swift */; };
		55B280D12B9E17F000CD744F /* Snap.swift in Sources */ = {isa = PBXBuildFile; fileRef = 55B280D02B9E17F000CD744F /* Snap.swift */; };
		55D932472B8BFDAB00986F54 /* SnapVC.swift in Sources */ = {isa = PBXBuildFile; fileRef = 55D932462B8BFDAB00986F54 /* SnapVC.swift */; };
		B00C36BBA9FA9A56C8E42ED7 /* Pods_SnapClone.framework in Frameworks */ = {isa = PBXBuildFile; fileRef = 90E0707B509D877D5ECF3660 /* Pods_SnapClone.framework */; };
/* End PBXBuildFile section */

/* Begin PBXFileReference section */
		551B4D242B8BEC1500789FAF /* SnapClone.app */ = {isa = PBXFileReference; explicitFileType = wrapper.application; includeInIndex = 0; path = SnapClone.app; sourceTree = BUILT_PRODUCTS_DIR; };
		551B4D272B8BEC1500789FAF /* AppDelegate.swift */ = {isa = PBXFileReference; lastKnownFileType = sourcecode.swift; path = AppDelegate.swift; sourceTree = "<group>"; };
		551B4D292B8BEC1500789FAF /* SceneDelegate.swift */ = {isa = PBXFileReference; lastKnownFileType = sourcecode.swift; path = SceneDelegate.swift; sourceTree = "<group>"; };
		551B4D2B2B8BEC1500789FAF /* SignInVC.swift */ = {isa = PBXFileReference; lastKnownFileType = sourcecode.swift; path = SignInVC.swift; sourceTree = "<group>"; };
		551B4D2E2B8BEC1500789FAF /* Base */ = {isa = PBXFileReference; lastKnownFileType = file.storyboard; name = Base; path = Base.lproj/Main.storyboard; sourceTree = "<group>"; };
		551B4D302B8BEC1600789FAF /* Assets.xcassets */ = {isa = PBXFileReference; lastKnownFileType = folder.assetcatalog; path = Assets.xcassets; sourceTree = "<group>"; };
		551B4D332B8BEC1600789FAF /* Base */ = {isa = PBXFileReference; lastKnownFileType = file.storyboard; name = Base; path = Base.lproj/LaunchScreen.storyboard; sourceTree = "<group>"; };
		551B4D352B8BEC1600789FAF /* Info.plist */ = {isa = PBXFileReference; lastKnownFileType = text.plist.xml; path = Info.plist; sourceTree = "<group>"; };
		553131C52B8D45940076367A /* UserSingleton.swift */ = {isa = PBXFileReference; lastKnownFileType = sourcecode.swift; path = UserSingleton.swift; sourceTree = "<group>"; };
		5561982B2B8BF28300C03DE1 /* GoogleService-Info.plist */ = {isa = PBXFileReference; fileEncoding = 4; lastKnownFileType = text.plist.xml; path = "GoogleService-Info.plist"; sourceTree = "<group>"; };
		5561982D2B8BF66900C03DE1 /* FeedVC.swift */ = {isa = PBXFileReference; lastKnownFileType = sourcecode.swift; path = FeedVC.swift; sourceTree = "<group>"; };
		5561982F2B8BF68C00C03DE1 /* UploadVC.swift */ = {isa = PBXFileReference; lastKnownFileType = sourcecode.swift; path = UploadVC.swift; sourceTree = "<group>"; };
		556198312B8BF69D00C03DE1 /* SettingsVC.swift */ = {isa = PBXFileReference; lastKnownFileType = sourcecode.swift; path = SettingsVC.swift; sourceTree = "<group>"; };
		55B280CD2B9E063400CD744F /* FeedCell.swift */ = {isa = PBXFileReference; lastKnownFileType = sourcecode.swift; path = FeedCell.swift; sourceTree = "<group>"; };
		55B280CF2B9E0F4F00CD744F /* SnapClone-Bridging-Header.h */ = {isa = PBXFileReference; fileEncoding = 4; lastKnownFileType = sourcecode.c.h; path = "SnapClone-Bridging-Header.h"; sourceTree = "<group>"; };
		55B280D02B9E17F000CD744F /* Snap.swift */ = {isa = PBXFileReference; lastKnownFileType = sourcecode.swift; path = Snap.swift; sourceTree = "<group>"; };
		55D932462B8BFDAB00986F54 /* SnapVC.swift */ = {isa = PBXFileReference; lastKnownFileType = sourcecode.swift; path = SnapVC.swift; sourceTree = "<group>"; };
		68F7C77DED5EC905DC871E74 /* Pods-SnapClone.debug.xcconfig */ = {isa = PBXFileReference; includeInIndex = 1; lastKnownFileType = text.xcconfig; name = "Pods-SnapClone.debug.xcconfig"; path = "Target Support Files/Pods-SnapClone/Pods-SnapClone.debug.xcconfig"; sourceTree = "<group>"; };
		90E0707B509D877D5ECF3660 /* Pods_SnapClone.framework */ = {isa = PBXFileReference; explicitFileType = wrapper.framework; includeInIndex = 0; path = Pods_SnapClone.framework; sourceTree = BUILT_PRODUCTS_DIR; };
		C7A23ABBA5FC5453C31E2F2C /* Pods-SnapClone.release.xcconfig */ = {isa = PBXFileReference; includeInIndex = 1; lastKnownFileType = text.xcconfig; name = "Pods-SnapClone.release.xcconfig"; path = "Target Support Files/Pods-SnapClone/Pods-SnapClone.release.xcconfig"; sourceTree = "<group>"; };
/* End PBXFileReference section */

/* Begin PBXFrameworksBuildPhase section */
		551B4D212B8BEC1500789FAF /* Frameworks */ = {
			isa = PBXFrameworksBuildPhase;
			buildActionMask = 2147483647;
			files = (
				B00C36BBA9FA9A56C8E42ED7 /* Pods_SnapClone.framework in Frameworks */,
			);
			runOnlyForDeploymentPostprocessing = 0;
		};
/* End PBXFrameworksBuildPhase section */

/* Begin PBXGroup section */
		3CE3BD4E221436BE7217BC27 /* Pods */ = {
			isa = PBXGroup;
			children = (
				68F7C77DED5EC905DC871E74 /* Pods-SnapClone.debug.xcconfig */,
				C7A23ABBA5FC5453C31E2F2C /* Pods-SnapClone.release.xcconfig */,
			);
			path = Pods;
			sourceTree = "<group>";
		};
		551B4D1B2B8BEC1500789FAF = {
			isa = PBXGroup;
			children = (
				551B4D262B8BEC1500789FAF /* SnapClone */,
				551B4D252B8BEC1500789FAF /* Products */,
				3CE3BD4E221436BE7217BC27 /* Pods */,
				CC54EB5B463CBE7A5D55AB6C /* Frameworks */,
			);
			sourceTree = "<group>";
		};
		551B4D252B8BEC1500789FAF /* Products */ = {
			isa = PBXGroup;
			children = (
				551B4D242B8BEC1500789FAF /* SnapClone.app */,
			);
			name = Products;
			sourceTree = "<group>";
		};
		551B4D262B8BEC1500789FAF /* SnapClone */ = {
			isa = PBXGroup;
			children = (
				553131C42B8D456C0076367A /* Model */,
				556198332B8BF6B500C03DE1 /* ViewController */,
				551B4D272B8BEC1500789FAF /* AppDelegate.swift */,
				551B4D292B8BEC1500789FAF /* SceneDelegate.swift */,
				551B4D2D2B8BEC1500789FAF /* Main.storyboard */,
				551B4D302B8BEC1600789FAF /* Assets.xcassets */,
				551B4D322B8BEC1600789FAF /* LaunchScreen.storyboard */,
				551B4D352B8BEC1600789FAF /* Info.plist */,
				5561982B2B8BF28300C03DE1 /* GoogleService-Info.plist */,
				55B280CD2B9E063400CD744F /* FeedCell.swift */,
				55B280CF2B9E0F4F00CD744F /* SnapClone-Bridging-Header.h */,
			);
			path = SnapClone;
			sourceTree = "<group>";
		};
		553131C42B8D456C0076367A /* Model */ = {
			isa = PBXGroup;
			children = (
				553131C52B8D45940076367A /* UserSingleton.swift */,
				55B280D02B9E17F000CD744F /* Snap.swift */,
			);
			path = Model;
			sourceTree = "<group>";
		};
		556198332B8BF6B500C03DE1 /* ViewController */ = {
			isa = PBXGroup;
			children = (
				551B4D2B2B8BEC1500789FAF /* SignInVC.swift */,
				5561982D2B8BF66900C03DE1 /* FeedVC.swift */,
				5561982F2B8BF68C00C03DE1 /* UploadVC.swift */,
				556198312B8BF69D00C03DE1 /* SettingsVC.swift */,
				55D932462B8BFDAB00986F54 /* SnapVC.swift */,
			);
			path = ViewController;
			sourceTree = "<group>";
		};
		CC54EB5B463CBE7A5D55AB6C /* Frameworks */ = {
			isa = PBXGroup;
			children = (
				90E0707B509D877D5ECF3660 /* Pods_SnapClone.framework */,
			);
			name = Frameworks;
			sourceTree = "<group>";
		};
/* End PBXGroup section */

/* Begin PBXNativeTarget section */
		551B4D232B8BEC1500789FAF /* SnapClone */ = {
			isa = PBXNativeTarget;
			buildConfigurationList = 551B4D382B8BEC1600789FAF /* Build configuration list for PBXNativeTarget "SnapClone" */;
			buildPhases = (
				C4D690463C625A7FD353BD10 /* [CP] Check Pods Manifest.lock */,
				551B4D202B8BEC1500789FAF /* Sources */,
				551B4D212B8BEC1500789FAF /* Frameworks */,
				551B4D222B8BEC1500789FAF /* Resources */,
				7A878163FEE250A8D7DA831A /* [CP] Embed Pods Frameworks */,
			);
			buildRules = (
			);
			dependencies = (
			);
			name = SnapClone;
			productName = SnapClone;
			productReference = 551B4D242B8BEC1500789FAF /* SnapClone.app */;
			productType = "com.apple.product-type.application";
		};
/* End PBXNativeTarget section */

/* Begin PBXProject section */
		551B4D1C2B8BEC1500789FAF /* Project object */ = {
			isa = PBXProject;
			attributes = {
				BuildIndependentTargetsInParallel = 1;
				LastSwiftUpdateCheck = 1520;
				LastUpgradeCheck = 1520;
				TargetAttributes = {
					551B4D232B8BEC1500789FAF = {
						CreatedOnToolsVersion = 15.2;
						LastSwiftMigration = 1520;
					};
				};
			};
			buildConfigurationList = 551B4D1F2B8BEC1500789FAF /* Build configuration list for PBXProject "SnapClone" */;
			compatibilityVersion = "Xcode 14.0";
			developmentRegion = en;
			hasScannedForEncodings = 0;
			knownRegions = (
				en,
				Base,
			);
			mainGroup = 551B4D1B2B8BEC1500789FAF;
			productRefGroup = 551B4D252B8BEC1500789FAF /* Products */;
			projectDirPath = "";
			projectRoot = "";
			targets = (
				551B4D232B8BEC1500789FAF /* SnapClone */,
			);
		};
/* End PBXProject section */

/* Begin PBXResourcesBuildPhase section */
		551B4D222B8BEC1500789FAF /* Resources */ = {
			isa = PBXResourcesBuildPhase;
			buildActionMask = 2147483647;
			files = (
				551B4D342B8BEC1600789FAF /* LaunchScreen.storyboard in Resources */,
				5561982C2B8BF28300C03DE1 /* GoogleService-Info.plist in Resources */,
				551B4D312B8BEC1600789FAF /* Assets.xcassets in Resources */,
				551B4D2F2B8BEC1500789FAF /* Main.storyboard in Resources */,
			);
			runOnlyForDeploymentPostprocessing = 0;
		};
/* End PBXResourcesBuildPhase section */

/* Begin PBXShellScriptBuildPhase section */
		7A878163FEE250A8D7DA831A /* [CP] Embed Pods Frameworks */ = {
			isa = PBXShellScriptBuildPhase;
			buildActionMask = 2147483647;
			files = (
			);
			inputFileListPaths = (
				"${PODS_ROOT}/Target Support Files/Pods-SnapClone/Pods-SnapClone-frameworks-${CONFIGURATION}-input-files.xcfilelist",
			);
			name = "[CP] Embed Pods Frameworks";
			outputFileListPaths = (
				"${PODS_ROOT}/Target Support Files/Pods-SnapClone/Pods-SnapClone-frameworks-${CONFIGURATION}-output-files.xcfilelist",
			);
			runOnlyForDeploymentPostprocessing = 0;
			shellPath = /bin/sh;
			shellScript = "\"${PODS_ROOT}/Target Support Files/Pods-SnapClone/Pods-SnapClone-frameworks.sh\"\n";
			showEnvVarsInLog = 0;
		};
		C4D690463C625A7FD353BD10 /* [CP] Check Pods Manifest.lock */ = {
			isa = PBXShellScriptBuildPhase;
			buildActionMask = 2147483647;
			files = (
			);
			inputFileListPaths = (
			);
			inputPaths = (
				"${PODS_PODFILE_DIR_PATH}/Podfile.lock",
				"${PODS_ROOT}/Manifest.lock",
			);
			name = "[CP] Check Pods Manifest.lock";
			outputFileListPaths = (
			);
			outputPaths = (
				"$(DERIVED_FILE_DIR)/Pods-SnapClone-checkManifestLockResult.txt",
			);
			runOnlyForDeploymentPostprocessing = 0;
			shellPath = /bin/sh;
			shellScript = "diff \"${PODS_PODFILE_DIR_PATH}/Podfile.lock\" \"${PODS_ROOT}/Manifest.lock\" > /dev/null\nif [ $? != 0 ] ; then\n    # print error to STDERR\n    echo \"error: The sandbox is not in sync with the Podfile.lock. Run 'pod install' or update your CocoaPods installation.\" >&2\n    exit 1\nfi\n# This output is used by Xcode 'outputs' to avoid re-running this script phase.\necho \"SUCCESS\" > \"${SCRIPT_OUTPUT_FILE_0}\"\n";
			showEnvVarsInLog = 0;
		};
/* End PBXShellScriptBuildPhase section */

/* Begin PBXSourcesBuildPhase section */
		551B4D202B8BEC1500789FAF /* Sources */ = {
			isa = PBXSourcesBuildPhase;
			buildActionMask = 2147483647;
			files = (
				553131C62B8D45940076367A /* UserSingleton.swift in Sources */,
				55B280D12B9E17F000CD744F /* Snap.swift in Sources */,
				5561982E2B8BF66900C03DE1 /* FeedVC.swift in Sources */,
				551B4D2C2B8BEC1500789FAF /* SignInVC.swift in Sources */,
				551B4D282B8BEC1500789FAF /* AppDelegate.swift in Sources */,
				556198302B8BF68C00C03DE1 /* UploadVC.swift in Sources */,
				55D932472B8BFDAB00986F54 /* SnapVC.swift in Sources */,
				551B4D2A2B8BEC1500789FAF /* SceneDelegate.swift in Sources */,
				556198322B8BF69D00C03DE1 /* SettingsVC.swift in Sources */,
				55B280CE2B9E063400CD744F /* FeedCell.swift in Sources */,
			);
			runOnlyForDeploymentPostprocessing = 0;
		};
/* End PBXSourcesBuildPhase section */

/* Begin PBXVariantGroup section */
		551B4D2D2B8BEC1500789FAF /* Main.storyboard */ = {
			isa = PBXVariantGroup;
			children = (
				551B4D2E2B8BEC1500789FAF /* Base */,
			);
			name = Main.storyboard;
			sourceTree = "<group>";
		};
		551B4D322B8BEC1600789FAF /* LaunchScreen.storyboard */ = {
			isa = PBXVariantGroup;
			children = (
				551B4D332B8BEC1600789FAF /* Base */,
			);
			name = LaunchScreen.storyboard;
			sourceTree = "<group>";
		};
/* End PBXVariantGroup section */

/* Begin XCBuildConfiguration section */
		551B4D362B8BEC1600789FAF /* Debug */ = {
			isa = XCBuildConfiguration;
			buildSettings = {
				ALWAYS_SEARCH_USER_PATHS = NO;
				ASSETCATALOG_COMPILER_GENERATE_SWIFT_ASSET_SYMBOL_EXTENSIONS = YES;
				CLANG_ANALYZER_NONNULL = YES;
				CLANG_ANALYZER_NUMBER_OBJECT_CONVERSION = YES_AGGRESSIVE;
				CLANG_CXX_LANGUAGE_STANDARD = "gnu++20";
				CLANG_ENABLE_MODULES = YES;
				CLANG_ENABLE_OBJC_ARC = YES;
				CLANG_ENABLE_OBJC_WEAK = YES;
				CLANG_WARN_BLOCK_CAPTURE_AUTORELEASING = YES;
				CLANG_WARN_BOOL_CONVERSION = YES;
				CLANG_WARN_COMMA = YES;
				CLANG_WARN_CONSTANT_CONVERSION = YES;
				CLANG_WARN_DEPRECATED_OBJC_IMPLEMENTATIONS = YES;
				CLANG_WARN_DIRECT_OBJC_ISA_USAGE = YES_ERROR;
				CLANG_WARN_DOCUMENTATION_COMMENTS = YES;
				CLANG_WARN_EMPTY_BODY = YES;
				CLANG_WARN_ENUM_CONVERSION = YES;
				CLANG_WARN_INFINITE_RECURSION = YES;
				CLANG_WARN_INT_CONVERSION = YES;
				CLANG_WARN_NON_LITERAL_NULL_CONVERSION = YES;
				CLANG_WARN_OBJC_IMPLICIT_RETAIN_SELF = YES;
				CLANG_WARN_OBJC_LITERAL_CONVERSION = YES;
				CLANG_WARN_OBJC_ROOT_CLASS = YES_ERROR;
				CLANG_WARN_QUOTED_INCLUDE_IN_FRAMEWORK_HEADER = YES;
				CLANG_WARN_RANGE_LOOP_ANALYSIS = YES;
				CLANG_WARN_STRICT_PROTOTYPES = YES;
				CLANG_WARN_SUSPICIOUS_MOVE = YES;
				CLANG_WARN_UNGUARDED_AVAILABILITY = YES_AGGRESSIVE;
				CLANG_WARN_UNREACHABLE_CODE = YES;
				CLANG_WARN__DUPLICATE_METHOD_MATCH = YES;
				COPY_PHASE_STRIP = NO;
				DEBUG_INFORMATION_FORMAT = dwarf;
				ENABLE_STRICT_OBJC_MSGSEND = YES;
				ENABLE_TESTABILITY = YES;
				ENABLE_USER_SCRIPT_SANDBOXING = NO;
				GCC_C_LANGUAGE_STANDARD = gnu17;
				GCC_DYNAMIC_NO_PIC = NO;
				GCC_NO_COMMON_BLOCKS = YES;
				GCC_OPTIMIZATION_LEVEL = 0;
				GCC_PREPROCESSOR_DEFINITIONS = (
					"DEBUG=1",
					"$(inherited)",
				);
				GCC_WARN_64_TO_32_BIT_CONVERSION = YES;
				GCC_WARN_ABOUT_RETURN_TYPE = YES_ERROR;
				GCC_WARN_UNDECLARED_SELECTOR = YES;
				GCC_WARN_UNINITIALIZED_AUTOS = YES_AGGRESSIVE;
				GCC_WARN_UNUSED_FUNCTION = YES;
				GCC_WARN_UNUSED_VARIABLE = YES;
				IPHONEOS_DEPLOYMENT_TARGET = 17.2;
				LOCALIZATION_PREFERS_STRING_CATALOGS = YES;
				MTL_ENABLE_DEBUG_INFO = INCLUDE_SOURCE;
				MTL_FAST_MATH = YES;
				ONLY_ACTIVE_ARCH = YES;
				SDKROOT = iphoneos;
				SWIFT_ACTIVE_COMPILATION_CONDITIONS = "DEBUG $(inherited)";
				SWIFT_OPTIMIZATION_LEVEL = "-Onone";
			};
			name = Debug;
		};
		551B4D372B8BEC1600789FAF /* Release */ = {
			isa = XCBuildConfiguration;
			buildSettings = {
				ALWAYS_SEARCH_USER_PATHS = NO;
				ASSETCATALOG_COMPILER_GENERATE_SWIFT_ASSET_SYMBOL_EXTENSIONS = YES;
				CLANG_ANALYZER_NONNULL = YES;
				CLANG_ANALYZER_NUMBER_OBJECT_CONVERSION = YES_AGGRESSIVE;
				CLANG_CXX_LANGUAGE_STANDARD = "gnu++20";
				CLANG_ENABLE_MODULES = YES;
				CLANG_ENABLE_OBJC_ARC = YES;
				CLANG_ENABLE_OBJC_WEAK = YES;
				CLANG_WARN_BLOCK_CAPTURE_AUTORELEASING = YES;
				CLANG_WARN_BOOL_CONVERSION = YES;
				CLANG_WARN_COMMA = YES;
				CLANG_WARN_CONSTANT_CONVERSION = YES;
				CLANG_WARN_DEPRECATED_OBJC_IMPLEMENTATIONS = YES;
				CLANG_WARN_DIRECT_OBJC_ISA_USAGE = YES_ERROR;
				CLANG_WARN_DOCUMENTATION_COMMENTS = YES;
				CLANG_WARN_EMPTY_BODY = YES;
				CLANG_WARN_ENUM_CONVERSION = YES;
				CLANG_WARN_INFINITE_RECURSION = YES;
				CLANG_WARN_INT_CONVERSION = YES;
				CLANG_WARN_NON_LITERAL_NULL_CONVERSION = YES;
				CLANG_WARN_OBJC_IMPLICIT_RETAIN_SELF = YES;
				CLANG_WARN_OBJC_LITERAL_CONVERSION = YES;
				CLANG_WARN_OBJC_ROOT_CLASS = YES_ERROR;
				CLANG_WARN_QUOTED_INCLUDE_IN_FRAMEWORK_HEADER = YES;
				CLANG_WARN_RANGE_LOOP_ANALYSIS = YES;
				CLANG_WARN_STRICT_PROTOTYPES = YES;
				CLANG_WARN_SUSPICIOUS_MOVE = YES;
				CLANG_WARN_UNGUARDED_AVAILABILITY = YES_AGGRESSIVE;
				CLANG_WARN_UNREACHABLE_CODE = YES;
				CLANG_WARN__DUPLICATE_METHOD_MATCH = YES;
				COPY_PHASE_STRIP = NO;
				DEBUG_INFORMATION_FORMAT = "dwarf-with-dsym";
				ENABLE_NS_ASSERTIONS = NO;
				ENABLE_STRICT_OBJC_MSGSEND = YES;
				ENABLE_USER_SCRIPT_SANDBOXING = NO;
				GCC_C_LANGUAGE_STANDARD = gnu17;
				GCC_NO_COMMON_BLOCKS = YES;
				GCC_WARN_64_TO_32_BIT_CONVERSION = YES;
				GCC_WARN_ABOUT_RETURN_TYPE = YES_ERROR;
				GCC_WARN_UNDECLARED_SELECTOR = YES;
				GCC_WARN_UNINITIALIZED_AUTOS = YES_AGGRESSIVE;
				GCC_WARN_UNUSED_FUNCTION = YES;
				GCC_WARN_UNUSED_VARIABLE = YES;
				IPHONEOS_DEPLOYMENT_TARGET = 17.2;
				LOCALIZATION_PREFERS_STRING_CATALOGS = YES;
				MTL_ENABLE_DEBUG_INFO = NO;
				MTL_FAST_MATH = YES;
				SDKROOT = iphoneos;
				SWIFT_COMPILATION_MODE = wholemodule;
				VALIDATE_PRODUCT = YES;
			};
			name = Release;
		};
		551B4D392B8BEC1600789FAF /* Debug */ = {
			isa = XCBuildConfiguration;
			baseConfigurationReference = 68F7C77DED5EC905DC871E74 /* Pods-SnapClone.debug.xcconfig */;
			buildSettings = {
				ASSETCATALOG_COMPILER_APPICON_NAME = AppIcon;
				ASSETCATALOG_COMPILER_GLOBAL_ACCENT_COLOR_NAME = AccentColor;
				CLANG_ENABLE_MODULES = YES;
				CODE_SIGN_STYLE = Automatic;
				CURRENT_PROJECT_VERSION = 1;
				DEVELOPMENT_TEAM = C752953W8S;
				GENERATE_INFOPLIST_FILE = YES;
				INFOPLIST_FILE = SnapClone/Info.plist;
				INFOPLIST_KEY_UIApplicationSupportsIndirectInputEvents = YES;
				INFOPLIST_KEY_UILaunchStoryboardName = LaunchScreen;
				INFOPLIST_KEY_UIMainStoryboardFile = Main;
				INFOPLIST_KEY_UISupportedInterfaceOrientations_iPad = "UIInterfaceOrientationPortrait UIInterfaceOrientationPortraitUpsideDown UIInterfaceOrientationLandscapeLeft UIInterfaceOrientationLandscapeRight";
				INFOPLIST_KEY_UISupportedInterfaceOrientations_iPhone = "UIInterfaceOrientationPortrait UIInterfaceOrientationLandscapeLeft UIInterfaceOrientationLandscapeRight";
				LD_RUNPATH_SEARCH_PATHS = (
					"$(inherited)",
					"@executable_path/Frameworks",
				);
				MARKETING_VERSION = 1.0;
				PRODUCT_BUNDLE_IDENTIFIER = edris.SnapClone;
				PRODUCT_NAME = "$(TARGET_NAME)";
				SWIFT_EMIT_LOC_STRINGS = YES;
				SWIFT_OBJC_BRIDGING_HEADER = "SnapClone/SnapClone-Bridging-Header.h";
				SWIFT_OPTIMIZATION_LEVEL = "-Onone";
				SWIFT_VERSION = 5.0;
				TARGETED_DEVICE_FAMILY = "1,2";
			};
			name = Debug;
		};
		551B4D3A2B8BEC1600789FAF /* Release */ = {
			isa = XCBuildConfiguration;
			baseConfigurationReference = C7A23ABBA5FC5453C31E2F2C /* Pods-SnapClone.release.xcconfig */;
			buildSettings = {
				ASSETCATALOG_COMPILER_APPICON_NAME = AppIcon;
				ASSETCATALOG_COMPILER_GLOBAL_ACCENT_COLOR_NAME = AccentColor;
				CLANG_ENABLE_MODULES = YES;
				CODE_SIGN_STYLE = Automatic;
				CURRENT_PROJECT_VERSION = 1;
				DEVELOPMENT_TEAM = C752953W8S;
				GENERATE_INFOPLIST_FILE = YES;
				INFOPLIST_FILE = SnapClone/Info.plist;
				INFOPLIST_KEY_UIApplicationSupportsIndirectInputEvents = YES;
				INFOPLIST_KEY_UILaunchStoryboardName = LaunchScreen;
				INFOPLIST_KEY_UIMainStoryboardFile = Main;
				INFOPLIST_KEY_UISupportedInterfaceOrientations_iPad = "UIInterfaceOrientationPortrait UIInterfaceOrientationPortraitUpsideDown UIInterfaceOrientationLandscapeLeft UIInterfaceOrientationLandscapeRight";
				INFOPLIST_KEY_UISupportedInterfaceOrientations_iPhone = "UIInterfaceOrientationPortrait UIInterfaceOrientationLandscapeLeft UIInterfaceOrientationLandscapeRight";
				LD_RUNPATH_SEARCH_PATHS = (
					"$(inherited)",
					"@executable_path/Frameworks",
				);
				MARKETING_VERSION = 1.0;
				PRODUCT_BUNDLE_IDENTIFIER = edris.SnapClone;
				PRODUCT_NAME = "$(TARGET_NAME)";
				SWIFT_EMIT_LOC_STRINGS = YES;
				SWIFT_OBJC_BRIDGING_HEADER = "SnapClone/SnapClone-Bridging-Header.h";
				SWIFT_VERSION = 5.0;
				TARGETED_DEVICE_FAMILY = "1,2";
			};
			name = Release;
		};
/* End XCBuildConfiguration section */

/* Begin XCConfigurationList section */
		551B4D1F2B8BEC1500789FAF /* Build configuration list for PBXProject "SnapClone" */ = {
			isa = XCConfigurationList;
			buildConfigurations = (
				551B4D362B8BEC1600789FAF /* Debug */,
				551B4D372B8BEC1600789FAF /* Release */,
			);
			defaultConfigurationIsVisible = 0;
			defaultConfigurationName = Release;
		};
		551B4D382B8BEC1600789FAF /* Build configuration list for PBXNativeTarget "SnapClone" */ = {
			isa = XCConfigurationList;
			buildConfigurations = (
				551B4D392B8BEC1600789FAF /* Debug */,
				551B4D3A2B8BEC1600789FAF /* Release */,
			);
			defaultConfigurationIsVisible = 0;
			defaultConfigurationName = Release;
		};
/* End XCConfigurationList section */
	};
	rootObject = 551B4D1C2B8BEC1500789FAF /* Project object */;
}
